
Microsoft Visual Studio Solution File, Format Version 12.00
# Visual Studio 15
VisualStudioVersion = 15.0.26430.14
MinimumVisualStudioVersion = 10.0.40219.1
Project("{8BC9CEB8-8B4A-11D0-8D11-00A0C91BC942}") = "LeituraTeclado", "LeituraTeclado\LeituraTeclado.vcxproj", "{E8AF5E3D-1031-45EA-ACCE-E5EBC0B8D7C5}"
EndProject
Project("{8BC9CEB8-8B4A-11D0-8D11-00A0C91BC942}") = "CLPs", "CLPs\CLPs.vcxproj", "{58D7726B-62EA-42A6-B4C6-B51DB11057BF}"
EndProject
Global
	GlobalSection(SolutionConfigurationPlatforms) = preSolution
		Debug|x64 = Debug|x64
		Debug|x86 = Debug|x86
		Release|x64 = Release|x64
		Release|x86 = Release|x86
	EndGlobalSection
	GlobalSection(ProjectConfigurationPlatforms) = postSolution
		{E8AF5E3D-1031-45EA-ACCE-E5EBC0B8D7C5}.Debug|x64.ActiveCfg = Debug|x64
		{E8AF5E3D-1031-45EA-ACCE-E5EBC0B8D7C5}.Debug|x64.Build.0 = Debug|x64
		{E8AF5E3D-1031-45EA-ACCE-E5EBC0B8D7C5}.Debug|x86.ActiveCfg = Debug|Win32
		{E8AF5E3D-1031-45EA-ACCE-E5EBC0B8D7C5}.Debug|x86.Build.0 = Debug|Win32
		{E8AF5E3D-1031-45EA-ACCE-E5EBC0B8D7C5}.Release|x64.ActiveCfg = Release|x64
		{E8AF5E3D-1031-45EA-ACCE-E5EBC0B8D7C5}.Release|x64.Build.0 = Release|x64
		{E8AF5E3D-1031-45EA-ACCE-E5EBC0B8D7C5}.Release|x86.ActiveCfg = Release|Win32
		{E8AF5E3D-1031-45EA-ACCE-E5EBC0B8D7C5}.Release|x86.Build.0 = Release|Win32
		{58D7726B-62EA-42A6-B4C6-B51DB11057BF}.Debug|x64.ActiveCfg = Debug|x64
		{58D7726B-62EA-42A6-B4C6-B51DB11057BF}.Debug|x64.Build.0 = Debug|x64
		{58D7726B-62EA-42A6-B4C6-B51DB11057BF}.Debug|x86.ActiveCfg = Debug|Win32
		{58D7726B-62EA-42A6-B4C6-B51DB11057BF}.Debug|x86.Build.0 = Debug|Win32
		{58D7726B-62EA-42A6-B4C6-B51DB11057BF}.Release|x64.ActiveCfg = Release|x64
		{58D7726B-62EA-42A6-B4C6-B51DB11057BF}.Release|x64.Build.0 = Release|x64
		{58D7726B-62EA-42A6-B4C6-B51DB11057BF}.Release|x86.ActiveCfg = Release|Win32
		{58D7726B-62EA-42A6-B4C6-B51DB11057BF}.Release|x86.Build.0 = Release|Win32
	EndGlobalSection
	GlobalSection(SolutionProperties) = preSolution
		HideSolutionNode = FALSE
	EndGlobalSection
EndGlobal
